// !$*UTF8*$!
{
	archiveVersion = 1;
	classes = {
	};
	objectVersion = 46;
	objects = {

/* Begin PBXBuildFile section */
		28FF2CD63ED1140D91BDF4F7 /* Pods_TestingTechnionRobotCom.framework in Frameworks */ = {isa = PBXBuildFile; fileRef = 7431E257F9562EAF7CFD0166 /* Pods_TestingTechnionRobotCom.framework */; };
		790595751F014D7E0008A993 /* UIView+Gestures.m in Sources */ = {isa = PBXBuildFile; fileRef = 790595741F014D7D0008A993 /* UIView+Gestures.m */; };
		791988EB1F02DE6300C846EA /* CustomCommandCell.m in Sources */ = {isa = PBXBuildFile; fileRef = 791988EA1F02DE6300C846EA /* CustomCommandCell.m */; };
		791988EE1F02DF2000C846EA /* CustomCommandVC.m in Sources */ = {isa = PBXBuildFile; fileRef = 791988ED1F02DF2000C846EA /* CustomCommandVC.m */; };
		791989981F06665200C846EA /* UIView+InflateAnimation.m in Sources */ = {isa = PBXBuildFile; fileRef = 791989971F06665200C846EA /* UIView+InflateAnimation.m */; };
		7919899B1F066DCB00C846EA /* SendPacketModel.m in Sources */ = {isa = PBXBuildFile; fileRef = 7919899A1F066DCB00C846EA /* SendPacketModel.m */; };
		791989A71F069A8D00C846EA /* SateliteCoordinate.m in Sources */ = {isa = PBXBuildFile; fileRef = 791989A61F069A8D00C846EA /* SateliteCoordinate.m */; };
		791989AD1F069B8400C846EA /* SateliteLocation.m in Sources */ = {isa = PBXBuildFile; fileRef = 791989AC1F069B8400C846EA /* SateliteLocation.m */; };
		791989B11F06AD0A00C846EA /* MapModel.m in Sources */ = {isa = PBXBuildFile; fileRef = 791989B01F06AD0A00C846EA /* MapModel.m */; };
		791989B41F06C4E600C846EA /* NSDictionary+Utils.m in Sources */ = {isa = PBXBuildFile; fileRef = 791989B31F06C4E600C846EA /* NSDictionary+Utils.m */; };
		791989B71F06C9C900C846EA /* MapVC.m in Sources */ = {isa = PBXBuildFile; fileRef = 791989B61F06C9C900C846EA /* MapVC.m */; };
		791989BA1F09619900C846EA /* ReceivedPacketModel.m in Sources */ = {isa = PBXBuildFile; fileRef = 791989B91F09619900C846EA /* ReceivedPacketModel.m */; };
		791E6F551DE1978200E6E431 /* main.m in Sources */ = {isa = PBXBuildFile; fileRef = 791E6F541DE1978200E6E431 /* main.m */; };
		791E6F581DE1978200E6E431 /* AppDelegate.m in Sources */ = {isa = PBXBuildFile; fileRef = 791E6F571DE1978200E6E431 /* AppDelegate.m */; };
		791E6F5B1DE1978200E6E431 /* MainVC.m in Sources */ = {isa = PBXBuildFile; fileRef = 791E6F5A1DE1978200E6E431 /* MainVC.m */; };
		791E6F6E1DE1978200E6E431 /* TestingTechnionRobotComTests.m in Sources */ = {isa = PBXBuildFile; fileRef = 791E6F6D1DE1978200E6E431 /* TestingTechnionRobotComTests.m */; };
		791E6F791DE1978200E6E431 /* TestingTechnionRobotComUITests.m in Sources */ = {isa = PBXBuildFile; fileRef = 791E6F781DE1978200E6E431 /* TestingTechnionRobotComUITests.m */; };
		792321D21F0A97D800B352E5 /* MyMapView.m in Sources */ = {isa = PBXBuildFile; fileRef = 792321D11F0A97D800B352E5 /* MyMapView.m */; };
		792321D41F0A9A3500B352E5 /* Satelite.xib in Resources */ = {isa = PBXBuildFile; fileRef = 792321D31F0A9A3500B352E5 /* Satelite.xib */; };
		7961F78B1F0D1C8400E307F4 /* RuntimeUtils.m in Sources */ = {isa = PBXBuildFile; fileRef = 7961F78A1F0D1C8400E307F4 /* RuntimeUtils.m */; };
		7974E3FC1E58A2720064F720 /* Main.storyboard in Resources */ = {isa = PBXBuildFile; fileRef = 7974E3FB1E58A2720064F720 /* Main.storyboard */; };
		7977B9C01EFEDEEB004BBDE5 /* Log.m in Sources */ = {isa = PBXBuildFile; fileRef = 7977B9BF1EFEDEEB004BBDE5 /* Log.m */; };
		799785951F096D810017905E /* UIAlertController+MyAlertController.m in Sources */ = {isa = PBXBuildFile; fileRef = 799785941F096D810017905E /* UIAlertController+MyAlertController.m */; };
		79AD89FB1F0BF7A600389306 /* MySateliteView.m in Sources */ = {isa = PBXBuildFile; fileRef = 79AD89FA1F0BF7A600389306 /* MySateliteView.m */; };
		79B919681F0CE6FE00EFE823 /* assets.xcassets in Resources */ = {isa = PBXBuildFile; fileRef = 79B919671F0CE6FE00EFE823 /* assets.xcassets */; };
		79BFB4511EEFF881005E612D /* UDPManager.m in Sources */ = {isa = PBXBuildFile; fileRef = 79BFB4501EEFF881005E612D /* UDPManager.m */; };
		79CF1FB71F13C77200573202 /* LogVC.m in Sources */ = {isa = PBXBuildFile; fileRef = 79CF1FB61F13C77200573202 /* LogVC.m */; };
		79CF1FBF1F13CBEF00573202 /* LogCell.m in Sources */ = {isa = PBXBuildFile; fileRef = 79CF1FBE1F13CBEF00573202 /* LogCell.m */; };
		79CF1FC41F13D66700573202 /* NSArray+JSON.m in Sources */ = {isa = PBXBuildFile; fileRef = 79CF1FC31F13D66700573202 /* NSArray+JSON.m */; };
		79FF48F71EF99088002D394D /* NetworkUtils.m in Sources */ = {isa = PBXBuildFile; fileRef = 79FF48F61EF99088002D394D /* NetworkUtils.m */; };
		79FF48FA1EF9B5FA002D394D /* MovementIdentifier.m in Sources */ = {isa = PBXBuildFile; fileRef = 79FF48F91EF9B5FA002D394D /* MovementIdentifier.m */; };
		79FF4A041EFEA33C002D394D /* PlayVC.m in Sources */ = {isa = PBXBuildFile; fileRef = 79FF4A031EFEA33C002D394D /* PlayVC.m */; };
		79FF4A081EFEA3B9002D394D /* MovementManager.m in Sources */ = {isa = PBXBuildFile; fileRef = 79FF4A071EFEA3B9002D394D /* MovementManager.m */; };
		79FF4A0C1EFEAF8B002D394D /* MovementConsts.m in Sources */ = {isa = PBXBuildFile; fileRef = 79FF4A0B1EFEAF8B002D394D /* MovementConsts.m */; };
		79FF4A121EFEC6F8002D394D /* UIView+ShakeProtocol.m in Sources */ = {isa = PBXBuildFile; fileRef = 79FF4A111EFEC6F8002D394D /* UIView+ShakeProtocol.m */; };
		8A440FA73498E215D2DCCA82 /* Pods_TestingTechnionRobotComTests.framework in Frameworks */ = {isa = PBXBuildFile; fileRef = E6EE39AA45CCCD89B5C7ED71 /* Pods_TestingTechnionRobotComTests.framework */; };
		BADB8A6BB1253398205D35B4 /* Pods_TestingTechnionRobotComUITests.framework in Frameworks */ = {isa = PBXBuildFile; fileRef = C6028016D59A8C8B1D1D512B /* Pods_TestingTechnionRobotComUITests.framework */; };
/* End PBXBuildFile section */

/* Begin PBXContainerItemProxy section */
		791E6F6A1DE1978200E6E431 /* PBXContainerItemProxy */ = {
			isa = PBXContainerItemProxy;
			containerPortal = 791E6F481DE1978200E6E431 /* Project object */;
			proxyType = 1;
			remoteGlobalIDString = 791E6F4F1DE1978200E6E431;
			remoteInfo = TestingTechnionRobotCom;
		};
		791E6F751DE1978200E6E431 /* PBXContainerItemProxy */ = {
			isa = PBXContainerItemProxy;
			containerPortal = 791E6F481DE1978200E6E431 /* Project object */;
			proxyType = 1;
			remoteGlobalIDString = 791E6F4F1DE1978200E6E431;
			remoteInfo = TestingTechnionRobotCom;
		};
/* End PBXContainerItemProxy section */

/* Begin PBXFileReference section */
		17F80F623162DAB7A36FD2FF /* Pods-TestingTechnionRobotComTests.release.xcconfig */ = {isa = PBXFileReference; includeInIndex = 1; lastKnownFileType = text.xcconfig; name = "Pods-TestingTechnionRobotComTests.release.xcconfig"; path = "Pods/Target Support Files/Pods-TestingTechnionRobotComTests/Pods-TestingTechnionRobotComTests.release.xcconfig"; sourceTree = "<group>"; };
		2A93D44AA592EADFD9D92F54 /* Pods-TestingTechnionRobotComTests.debug.xcconfig */ = {isa = PBXFileReference; includeInIndex = 1; lastKnownFileType = text.xcconfig; name = "Pods-TestingTechnionRobotComTests.debug.xcconfig"; path = "Pods/Target Support Files/Pods-TestingTechnionRobotComTests/Pods-TestingTechnionRobotComTests.debug.xcconfig"; sourceTree = "<group>"; };
		39FEF7053956632E830BF108 /* Pods-TestingTechnionRobotCom.debug.xcconfig */ = {isa = PBXFileReference; includeInIndex = 1; lastKnownFileType = text.xcconfig; name = "Pods-TestingTechnionRobotCom.debug.xcconfig"; path = "Pods/Target Support Files/Pods-TestingTechnionRobotCom/Pods-TestingTechnionRobotCom.debug.xcconfig"; sourceTree = "<group>"; };
		7431E257F9562EAF7CFD0166 /* Pods_TestingTechnionRobotCom.framework */ = {isa = PBXFileReference; explicitFileType = wrapper.framework; includeInIndex = 0; path = Pods_TestingTechnionRobotCom.framework; sourceTree = BUILT_PRODUCTS_DIR; };
		74F6FBC38CD9C322048BCAB7 /* Pods-TestingTechnionRobotComUITests.debug.xcconfig */ = {isa = PBXFileReference; includeInIndex = 1; lastKnownFileType = text.xcconfig; name = "Pods-TestingTechnionRobotComUITests.debug.xcconfig"; path = "Pods/Target Support Files/Pods-TestingTechnionRobotComUITests/Pods-TestingTechnionRobotComUITests.debug.xcconfig"; sourceTree = "<group>"; };
		790595731F014D7D0008A993 /* UIView+Gestures.h */ = {isa = PBXFileReference; fileEncoding = 4; lastKnownFileType = sourcecode.c.h; path = "UIView+Gestures.h"; sourceTree = "<group>"; };
		790595741F014D7D0008A993 /* UIView+Gestures.m */ = {isa = PBXFileReference; fileEncoding = 4; lastKnownFileType = sourcecode.c.objc; path = "UIView+Gestures.m"; sourceTree = "<group>"; };
		790595761F014E6E0008A993 /* GestureProtocol.h */ = {isa = PBXFileReference; lastKnownFileType = sourcecode.c.h; path = GestureProtocol.h; sourceTree = "<group>"; };
		791988E91F02DE6300C846EA /* CustomCommandCell.h */ = {isa = PBXFileReference; fileEncoding = 4; lastKnownFileType = sourcecode.c.h; path = CustomCommandCell.h; sourceTree = "<group>"; };
		791988EA1F02DE6300C846EA /* CustomCommandCell.m */ = {isa = PBXFileReference; fileEncoding = 4; lastKnownFileType = sourcecode.c.objc; path = CustomCommandCell.m; sourceTree = "<group>"; };
		791988EC1F02DF2000C846EA /* CustomCommandVC.h */ = {isa = PBXFileReference; fileEncoding = 4; lastKnownFileType = sourcecode.c.h; path = CustomCommandVC.h; sourceTree = "<group>"; };
		791988ED1F02DF2000C846EA /* CustomCommandVC.m */ = {isa = PBXFileReference; fileEncoding = 4; lastKnownFileType = sourcecode.c.objc; path = CustomCommandVC.m; sourceTree = "<group>"; };
		791989961F06665200C846EA /* UIView+InflateAnimation.h */ = {isa = PBXFileReference; fileEncoding = 4; lastKnownFileType = sourcecode.c.h; path = "UIView+InflateAnimation.h"; sourceTree = "<group>"; };
		791989971F06665200C846EA /* UIView+InflateAnimation.m */ = {isa = PBXFileReference; fileEncoding = 4; lastKnownFileType = sourcecode.c.objc; path = "UIView+InflateAnimation.m"; sourceTree = "<group>"; };
		791989991F066DCB00C846EA /* SendPacketModel.h */ = {isa = PBXFileReference; fileEncoding = 4; lastKnownFileType = sourcecode.c.h; path = SendPacketModel.h; sourceTree = "<group>"; };
		7919899A1F066DCB00C846EA /* SendPacketModel.m */ = {isa = PBXFileReference; fileEncoding = 4; lastKnownFileType = sourcecode.c.objc; path = SendPacketModel.m; sourceTree = "<group>"; };
		7919899F1F06730F00C846EA /* udpPacketProtocol.h */ = {isa = PBXFileReference; lastKnownFileType = sourcecode.c.h; path = udpPacketProtocol.h; sourceTree = "<group>"; };
		791989A51F069A8D00C846EA /* SateliteCoordinate.h */ = {isa = PBXFileReference; fileEncoding = 4; lastKnownFileType = sourcecode.c.h; path = SateliteCoordinate.h; sourceTree = "<group>"; };
		791989A61F069A8D00C846EA /* SateliteCoordinate.m */ = {isa = PBXFileReference; fileEncoding = 4; lastKnownFileType = sourcecode.c.objc; path = SateliteCoordinate.m; sourceTree = "<group>"; };
		791989AB1F069B8400C846EA /* SateliteLocation.h */ = {isa = PBXFileReference; fileEncoding = 4; lastKnownFileType = sourcecode.c.h; path = SateliteLocation.h; sourceTree = "<group>"; };
		791989AC1F069B8400C846EA /* SateliteLocation.m */ = {isa = PBXFileReference; fileEncoding = 4; lastKnownFileType = sourcecode.c.objc; path = SateliteLocation.m; sourceTree = "<group>"; };
		791989AF1F06AD0A00C846EA /* MapModel.h */ = {isa = PBXFileReference; fileEncoding = 4; lastKnownFileType = sourcecode.c.h; path = MapModel.h; sourceTree = "<group>"; };
		791989B01F06AD0A00C846EA /* MapModel.m */ = {isa = PBXFileReference; fileEncoding = 4; lastKnownFileType = sourcecode.c.objc; path = MapModel.m; sourceTree = "<group>"; };
		791989B21F06C4E600C846EA /* NSDictionary+Utils.h */ = {isa = PBXFileReference; fileEncoding = 4; lastKnownFileType = sourcecode.c.h; path = "NSDictionary+Utils.h"; sourceTree = "<group>"; };
		791989B31F06C4E600C846EA /* NSDictionary+Utils.m */ = {isa = PBXFileReference; fileEncoding = 4; lastKnownFileType = sourcecode.c.objc; path = "NSDictionary+Utils.m"; sourceTree = "<group>"; };
		791989B51F06C9C900C846EA /* MapVC.h */ = {isa = PBXFileReference; fileEncoding = 4; lastKnownFileType = sourcecode.c.h; path = MapVC.h; sourceTree = "<group>"; };
		791989B61F06C9C900C846EA /* MapVC.m */ = {isa = PBXFileReference; fileEncoding = 4; lastKnownFileType = sourcecode.c.objc; path = MapVC.m; sourceTree = "<group>"; };
		791989B81F09619900C846EA /* ReceivedPacketModel.h */ = {isa = PBXFileReference; fileEncoding = 4; lastKnownFileType = sourcecode.c.h; path = ReceivedPacketModel.h; sourceTree = "<group>"; };
		791989B91F09619900C846EA /* ReceivedPacketModel.m */ = {isa = PBXFileReference; fileEncoding = 4; lastKnownFileType = sourcecode.c.objc; path = ReceivedPacketModel.m; sourceTree = "<group>"; };
		791989BC1F0962CB00C846EA /* parseJSONProtocol.h */ = {isa = PBXFileReference; lastKnownFileType = sourcecode.c.h; path = parseJSONProtocol.h; sourceTree = "<group>"; };
		791E6F501DE1978200E6E431 /* TestingTechnionRobotCom.app */ = {isa = PBXFileReference; explicitFileType = wrapper.application; includeInIndex = 0; path = TestingTechnionRobotCom.app; sourceTree = BUILT_PRODUCTS_DIR; };
		791E6F541DE1978200E6E431 /* main.m */ = {isa = PBXFileReference; lastKnownFileType = sourcecode.c.objc; path = main.m; sourceTree = "<group>"; };
		791E6F561DE1978200E6E431 /* AppDelegate.h */ = {isa = PBXFileReference; lastKnownFileType = sourcecode.c.h; path = AppDelegate.h; sourceTree = "<group>"; };
		791E6F571DE1978200E6E431 /* AppDelegate.m */ = {isa = PBXFileReference; lastKnownFileType = sourcecode.c.objc; path = AppDelegate.m; sourceTree = "<group>"; };
		791E6F591DE1978200E6E431 /* MainVC.h */ = {isa = PBXFileReference; lastKnownFileType = sourcecode.c.h; path = MainVC.h; sourceTree = "<group>"; };
		791E6F5A1DE1978200E6E431 /* MainVC.m */ = {isa = PBXFileReference; lastKnownFileType = sourcecode.c.objc; path = MainVC.m; sourceTree = "<group>"; };
		791E6F641DE1978200E6E431 /* Info.plist */ = {isa = PBXFileReference; lastKnownFileType = text.plist.xml; path = Info.plist; sourceTree = "<group>"; };
		791E6F691DE1978200E6E431 /* TestingTechnionRobotComTests.xctest */ = {isa = PBXFileReference; explicitFileType = wrapper.cfbundle; includeInIndex = 0; path = TestingTechnionRobotComTests.xctest; sourceTree = BUILT_PRODUCTS_DIR; };
		791E6F6D1DE1978200E6E431 /* TestingTechnionRobotComTests.m */ = {isa = PBXFileReference; lastKnownFileType = sourcecode.c.objc; path = TestingTechnionRobotComTests.m; sourceTree = "<group>"; };
		791E6F6F1DE1978200E6E431 /* Info.plist */ = {isa = PBXFileReference; lastKnownFileType = text.plist.xml; path = Info.plist; sourceTree = "<group>"; };
		791E6F741DE1978200E6E431 /* TestingTechnionRobotComUITests.xctest */ = {isa = PBXFileReference; explicitFileType = wrapper.cfbundle; includeInIndex = 0; path = TestingTechnionRobotComUITests.xctest; sourceTree = BUILT_PRODUCTS_DIR; };
		791E6F781DE1978200E6E431 /* TestingTechnionRobotComUITests.m */ = {isa = PBXFileReference; lastKnownFileType = sourcecode.c.objc; path = TestingTechnionRobotComUITests.m; sourceTree = "<group>"; };
		791E6F7A1DE1978200E6E431 /* Info.plist */ = {isa = PBXFileReference; lastKnownFileType = text.plist.xml; path = Info.plist; sourceTree = "<group>"; };
		792321D01F0A97D800B352E5 /* MyMapView.h */ = {isa = PBXFileReference; fileEncoding = 4; lastKnownFileType = sourcecode.c.h; path = MyMapView.h; sourceTree = "<group>"; };
		792321D11F0A97D800B352E5 /* MyMapView.m */ = {isa = PBXFileReference; fileEncoding = 4; lastKnownFileType = sourcecode.c.objc; path = MyMapView.m; sourceTree = "<group>"; };
		792321D31F0A9A3500B352E5 /* Satelite.xib */ = {isa = PBXFileReference; fileEncoding = 4; lastKnownFileType = file.xib; path = Satelite.xib; sourceTree = "<group>"; };
		7961F7891F0D1C8400E307F4 /* RuntimeUtils.h */ = {isa = PBXFileReference; fileEncoding = 4; lastKnownFileType = sourcecode.c.h; path = RuntimeUtils.h; sourceTree = "<group>"; };
		7961F78A1F0D1C8400E307F4 /* RuntimeUtils.m */ = {isa = PBXFileReference; fileEncoding = 4; lastKnownFileType = sourcecode.c.objc; path = RuntimeUtils.m; sourceTree = "<group>"; };
		7974E3FB1E58A2720064F720 /* Main.storyboard */ = {isa = PBXFileReference; fileEncoding = 4; lastKnownFileType = file.storyboard; path = Main.storyboard; sourceTree = "<group>"; };
		7977B9BE1EFEDEEB004BBDE5 /* Log.h */ = {isa = PBXFileReference; fileEncoding = 4; lastKnownFileType = sourcecode.c.h; path = Log.h; sourceTree = "<group>"; };
		7977B9BF1EFEDEEB004BBDE5 /* Log.m */ = {isa = PBXFileReference; fileEncoding = 4; lastKnownFileType = sourcecode.c.objc; path = Log.m; sourceTree = "<group>"; };
		799785931F096D810017905E /* UIAlertController+MyAlertController.h */ = {isa = PBXFileReference; fileEncoding = 4; lastKnownFileType = sourcecode.c.h; path = "UIAlertController+MyAlertController.h"; sourceTree = "<group>"; };
		799785941F096D810017905E /* UIAlertController+MyAlertController.m */ = {isa = PBXFileReference; fileEncoding = 4; lastKnownFileType = sourcecode.c.objc; path = "UIAlertController+MyAlertController.m"; sourceTree = "<group>"; };
		79AD89F91F0BF7A600389306 /* MySateliteView.h */ = {isa = PBXFileReference; fileEncoding = 4; lastKnownFileType = sourcecode.c.h; path = MySateliteView.h; sourceTree = "<group>"; };
		79AD89FA1F0BF7A600389306 /* MySateliteView.m */ = {isa = PBXFileReference; fileEncoding = 4; lastKnownFileType = sourcecode.c.objc; path = MySateliteView.m; sourceTree = "<group>"; };
		79B919671F0CE6FE00EFE823 /* assets.xcassets */ = {isa = PBXFileReference; lastKnownFileType = folder.assetcatalog; path = assets.xcassets; sourceTree = "<group>"; };
		79BFB44F1EEFF881005E612D /* UDPManager.h */ = {isa = PBXFileReference; fileEncoding = 4; lastKnownFileType = sourcecode.c.h; path = UDPManager.h; sourceTree = "<group>"; };
		79BFB4501EEFF881005E612D /* UDPManager.m */ = {isa = PBXFileReference; fileEncoding = 4; lastKnownFileType = sourcecode.c.objc; path = UDPManager.m; sourceTree = "<group>"; };
		79CF1FB51F13C77200573202 /* LogVC.h */ = {isa = PBXFileReference; fileEncoding = 4; lastKnownFileType = sourcecode.c.h; path = LogVC.h; sourceTree = "<group>"; };
		79CF1FB61F13C77200573202 /* LogVC.m */ = {isa = PBXFileReference; fileEncoding = 4; lastKnownFileType = sourcecode.c.objc; path = LogVC.m; sourceTree = "<group>"; };
		79CF1FBD1F13CBEF00573202 /* LogCell.h */ = {isa = PBXFileReference; fileEncoding = 4; lastKnownFileType = sourcecode.c.h; path = LogCell.h; sourceTree = "<group>"; };
		79CF1FBE1F13CBEF00573202 /* LogCell.m */ = {isa = PBXFileReference; fileEncoding = 4; lastKnownFileType = sourcecode.c.objc; path = LogCell.m; sourceTree = "<group>"; };
		79CF1FC21F13D66700573202 /* NSArray+JSON.h */ = {isa = PBXFileReference; fileEncoding = 4; lastKnownFileType = sourcecode.c.h; path = "NSArray+JSON.h"; sourceTree = "<group>"; };
		79CF1FC31F13D66700573202 /* NSArray+JSON.m */ = {isa = PBXFileReference; fileEncoding = 4; lastKnownFileType = sourcecode.c.objc; path = "NSArray+JSON.m"; sourceTree = "<group>"; };
		79FF48F51EF99088002D394D /* NetworkUtils.h */ = {isa = PBXFileReference; fileEncoding = 4; lastKnownFileType = sourcecode.c.h; path = NetworkUtils.h; sourceTree = "<group>"; };
		79FF48F61EF99088002D394D /* NetworkUtils.m */ = {isa = PBXFileReference; fileEncoding = 4; lastKnownFileType = sourcecode.c.objc; path = NetworkUtils.m; sourceTree = "<group>"; };
		79FF48F81EF9B5FA002D394D /* MovementIdentifier.h */ = {isa = PBXFileReference; fileEncoding = 4; lastKnownFileType = sourcecode.c.h; path = MovementIdentifier.h; sourceTree = "<group>"; };
		79FF48F91EF9B5FA002D394D /* MovementIdentifier.m */ = {isa = PBXFileReference; fileEncoding = 4; lastKnownFileType = sourcecode.c.objc; path = MovementIdentifier.m; sourceTree = "<group>"; };
		79FF4A021EFEA33C002D394D /* PlayVC.h */ = {isa = PBXFileReference; fileEncoding = 4; lastKnownFileType = sourcecode.c.h; path = PlayVC.h; sourceTree = "<group>"; };
		79FF4A031EFEA33C002D394D /* PlayVC.m */ = {isa = PBXFileReference; fileEncoding = 4; lastKnownFileType = sourcecode.c.objc; path = PlayVC.m; sourceTree = "<group>"; };
		79FF4A061EFEA3B9002D394D /* MovementManager.h */ = {isa = PBXFileReference; fileEncoding = 4; lastKnownFileType = sourcecode.c.h; path = MovementManager.h; sourceTree = "<group>"; };
		79FF4A071EFEA3B9002D394D /* MovementManager.m */ = {isa = PBXFileReference; fileEncoding = 4; lastKnownFileType = sourcecode.c.objc; path = MovementManager.m; sourceTree = "<group>"; };
		79FF4A0A1EFEAF8B002D394D /* MovementConsts.h */ = {isa = PBXFileReference; fileEncoding = 4; lastKnownFileType = sourcecode.c.h; path = MovementConsts.h; sourceTree = "<group>"; };
		79FF4A0B1EFEAF8B002D394D /* MovementConsts.m */ = {isa = PBXFileReference; fileEncoding = 4; lastKnownFileType = sourcecode.c.objc; path = MovementConsts.m; sourceTree = "<group>"; };
		79FF4A0E1EFEC65A002D394D /* ShakeProtocol.h */ = {isa = PBXFileReference; lastKnownFileType = sourcecode.c.h; path = ShakeProtocol.h; sourceTree = "<group>"; };
		79FF4A101EFEC6F8002D394D /* UIView+ShakeProtocol.h */ = {isa = PBXFileReference; fileEncoding = 4; lastKnownFileType = sourcecode.c.h; path = "UIView+ShakeProtocol.h"; sourceTree = "<group>"; };
		79FF4A111EFEC6F8002D394D /* UIView+ShakeProtocol.m */ = {isa = PBXFileReference; fileEncoding = 4; lastKnownFileType = sourcecode.c.objc; path = "UIView+ShakeProtocol.m"; sourceTree = "<group>"; };
		8740A9CCB5EFF8A79CF2ECB3 /* Pods-TestingTechnionRobotComUITests.release.xcconfig */ = {isa = PBXFileReference; includeInIndex = 1; lastKnownFileType = text.xcconfig; name = "Pods-TestingTechnionRobotComUITests.release.xcconfig"; path = "Pods/Target Support Files/Pods-TestingTechnionRobotComUITests/Pods-TestingTechnionRobotComUITests.release.xcconfig"; sourceTree = "<group>"; };
		C6028016D59A8C8B1D1D512B /* Pods_TestingTechnionRobotComUITests.framework */ = {isa = PBXFileReference; explicitFileType = wrapper.framework; includeInIndex = 0; path = Pods_TestingTechnionRobotComUITests.framework; sourceTree = BUILT_PRODUCTS_DIR; };
		E6EE39AA45CCCD89B5C7ED71 /* Pods_TestingTechnionRobotComTests.framework */ = {isa = PBXFileReference; explicitFileType = wrapper.framework; includeInIndex = 0; path = Pods_TestingTechnionRobotComTests.framework; sourceTree = BUILT_PRODUCTS_DIR; };
		F502FC7607D21C59DF2B9429 /* Pods-TestingTechnionRobotCom.release.xcconfig */ = {isa = PBXFileReference; includeInIndex = 1; lastKnownFileType = text.xcconfig; name = "Pods-TestingTechnionRobotCom.release.xcconfig"; path = "Pods/Target Support Files/Pods-TestingTechnionRobotCom/Pods-TestingTechnionRobotCom.release.xcconfig"; sourceTree = "<group>"; };
/* End PBXFileReference section */

/* Begin PBXFrameworksBuildPhase section */
		791E6F4D1DE1978200E6E431 /* Frameworks */ = {
			isa = PBXFrameworksBuildPhase;
			buildActionMask = 2147483647;
			files = (
				28FF2CD63ED1140D91BDF4F7 /* Pods_TestingTechnionRobotCom.framework in Frameworks */,
			);
			runOnlyForDeploymentPostprocessing = 0;
		};
		791E6F661DE1978200E6E431 /* Frameworks */ = {
			isa = PBXFrameworksBuildPhase;
			buildActionMask = 2147483647;
			files = (
				8A440FA73498E215D2DCCA82 /* Pods_TestingTechnionRobotComTests.framework in Frameworks */,
			);
			runOnlyForDeploymentPostprocessing = 0;
		};
		791E6F711DE1978200E6E431 /* Frameworks */ = {
			isa = PBXFrameworksBuildPhase;
			buildActionMask = 2147483647;
			files = (
				BADB8A6BB1253398205D35B4 /* Pods_TestingTechnionRobotComUITests.framework in Frameworks */,
			);
			runOnlyForDeploymentPostprocessing = 0;
		};
/* End PBXFrameworksBuildPhase section */

/* Begin PBXGroup section */
		2C1E52F519FC81B11914CB9B /* Frameworks */ = {
			isa = PBXGroup;
			children = (
				7431E257F9562EAF7CFD0166 /* Pods_TestingTechnionRobotCom.framework */,
				E6EE39AA45CCCD89B5C7ED71 /* Pods_TestingTechnionRobotComTests.framework */,
				C6028016D59A8C8B1D1D512B /* Pods_TestingTechnionRobotComUITests.framework */,
			);
			name = Frameworks;
			sourceTree = "<group>";
		};
		49AA452A3FCA3237AF2100ED /* Pods */ = {
			isa = PBXGroup;
			children = (
				39FEF7053956632E830BF108 /* Pods-TestingTechnionRobotCom.debug.xcconfig */,
				F502FC7607D21C59DF2B9429 /* Pods-TestingTechnionRobotCom.release.xcconfig */,
				2A93D44AA592EADFD9D92F54 /* Pods-TestingTechnionRobotComTests.debug.xcconfig */,
				17F80F623162DAB7A36FD2FF /* Pods-TestingTechnionRobotComTests.release.xcconfig */,
				74F6FBC38CD9C322048BCAB7 /* Pods-TestingTechnionRobotComUITests.debug.xcconfig */,
				8740A9CCB5EFF8A79CF2ECB3 /* Pods-TestingTechnionRobotComUITests.release.xcconfig */,
			);
			name = Pods;
			sourceTree = "<group>";
		};
		7919899D1F0672CA00C846EA /* uiProtocols */ = {
			isa = PBXGroup;
			children = (
				79FF4A0E1EFEC65A002D394D /* ShakeProtocol.h */,
				790595761F014E6E0008A993 /* GestureProtocol.h */,
			);
			name = uiProtocols;
			sourceTree = "<group>";
		};
		7919899E1F0672D400C846EA /* networkProtocols */ = {
			isa = PBXGroup;
			children = (
				7919899F1F06730F00C846EA /* udpPacketProtocol.h */,
			);
			name = networkProtocols;
			sourceTree = "<group>";
		};
		791989A31F068E2700C846EA /* Model */ = {
			isa = PBXGroup;
			children = (
				791989A41F069A7500C846EA /* Map */,
				79FF4A051EFEA38D002D394D /* Movement */,
				79FF48FD1EF9B676002D394D /* Network */,
			);
			name = Model;
			sourceTree = "<group>";
		};
		791989A41F069A7500C846EA /* Map */ = {
			isa = PBXGroup;
			children = (
				791989A51F069A8D00C846EA /* SateliteCoordinate.h */,
				791989A61F069A8D00C846EA /* SateliteCoordinate.m */,
				791989AB1F069B8400C846EA /* SateliteLocation.h */,
				791989AC1F069B8400C846EA /* SateliteLocation.m */,
				791989AF1F06AD0A00C846EA /* MapModel.h */,
				791989B01F06AD0A00C846EA /* MapModel.m */,
			);
			name = Map;
			sourceTree = "<group>";
		};
		791989BB1F0962A500C846EA /* parseJSONProtocol */ = {
			isa = PBXGroup;
			children = (
				791989BC1F0962CB00C846EA /* parseJSONProtocol.h */,
			);
			name = parseJSONProtocol;
			sourceTree = "<group>";
		};
		791E6F471DE1978200E6E431 = {
			isa = PBXGroup;
			children = (
				791E6F521DE1978200E6E431 /* TestingTechnionRobotCom */,
				791E6F6C1DE1978200E6E431 /* TestingTechnionRobotComTests */,
				791E6F771DE1978200E6E431 /* TestingTechnionRobotComUITests */,
				791E6F511DE1978200E6E431 /* Products */,
				49AA452A3FCA3237AF2100ED /* Pods */,
				2C1E52F519FC81B11914CB9B /* Frameworks */,
			);
			sourceTree = "<group>";
		};
		791E6F511DE1978200E6E431 /* Products */ = {
			isa = PBXGroup;
			children = (
				791E6F501DE1978200E6E431 /* TestingTechnionRobotCom.app */,
				791E6F691DE1978200E6E431 /* TestingTechnionRobotComTests.xctest */,
				791E6F741DE1978200E6E431 /* TestingTechnionRobotComUITests.xctest */,
			);
			name = Products;
			sourceTree = "<group>";
		};
		791E6F521DE1978200E6E431 /* TestingTechnionRobotCom */ = {
			isa = PBXGroup;
			children = (
				791989A31F068E2700C846EA /* Model */,
				79FF4A0F1EFEC6C9002D394D /* Extenstion */,
				79FF4A0D1EFEC64B002D394D /* Protocols */,
				79FF4A091EFEAF73002D394D /* Utils */,
				79FF4A011EFEA2D1002D394D /* Resources */,
				79FF4A001EFEA2CA002D394D /* View */,
				79FF48FF1EF9BA67002D394D /* Controller */,
				791E6F531DE1978200E6E431 /* Supporting Files */,
			);
			path = TestingTechnionRobotCom;
			sourceTree = "<group>";
		};
		791E6F531DE1978200E6E431 /* Supporting Files */ = {
			isa = PBXGroup;
			children = (
				791E6F541DE1978200E6E431 /* main.m */,
			);
			name = "Supporting Files";
			sourceTree = "<group>";
		};
		791E6F6C1DE1978200E6E431 /* TestingTechnionRobotComTests */ = {
			isa = PBXGroup;
			children = (
				791E6F6D1DE1978200E6E431 /* TestingTechnionRobotComTests.m */,
				791E6F6F1DE1978200E6E431 /* Info.plist */,
			);
			path = TestingTechnionRobotComTests;
			sourceTree = "<group>";
		};
		791E6F771DE1978200E6E431 /* TestingTechnionRobotComUITests */ = {
			isa = PBXGroup;
			children = (
				791E6F781DE1978200E6E431 /* TestingTechnionRobotComUITests.m */,
				791E6F7A1DE1978200E6E431 /* Info.plist */,
			);
			path = TestingTechnionRobotComUITests;
			sourceTree = "<group>";
		};
		79FF48FD1EF9B676002D394D /* Network */ = {
			isa = PBXGroup;
			children = (
				79BFB44F1EEFF881005E612D /* UDPManager.h */,
				79BFB4501EEFF881005E612D /* UDPManager.m */,
				791989991F066DCB00C846EA /* SendPacketModel.h */,
				7919899A1F066DCB00C846EA /* SendPacketModel.m */,
				791989B81F09619900C846EA /* ReceivedPacketModel.h */,
				791989B91F09619900C846EA /* ReceivedPacketModel.m */,
			);
			name = Network;
			sourceTree = "<group>";
		};
		79FF48FF1EF9BA67002D394D /* Controller */ = {
			isa = PBXGroup;
			children = (
				791E6F5A1DE1978200E6E431 /* MainVC.m */,
				791E6F591DE1978200E6E431 /* MainVC.h */,
				79FF4A021EFEA33C002D394D /* PlayVC.h */,
				79FF4A031EFEA33C002D394D /* PlayVC.m */,
				791E6F561DE1978200E6E431 /* AppDelegate.h */,
				791E6F571DE1978200E6E431 /* AppDelegate.m */,
				791988EC1F02DF2000C846EA /* CustomCommandVC.h */,
				791988ED1F02DF2000C846EA /* CustomCommandVC.m */,
				791989B51F06C9C900C846EA /* MapVC.h */,
				791989B61F06C9C900C846EA /* MapVC.m */,
				79CF1FB51F13C77200573202 /* LogVC.h */,
				79CF1FB61F13C77200573202 /* LogVC.m */,
				79CF1FBD1F13CBEF00573202 /* LogCell.h */,
				79CF1FBE1F13CBEF00573202 /* LogCell.m */,
			);
			name = Controller;
			sourceTree = "<group>";
		};
		79FF4A001EFEA2CA002D394D /* View */ = {
			isa = PBXGroup;
			children = (
				7974E3FB1E58A2720064F720 /* Main.storyboard */,
				792321D31F0A9A3500B352E5 /* Satelite.xib */,
				791988E91F02DE6300C846EA /* CustomCommandCell.h */,
				791988EA1F02DE6300C846EA /* CustomCommandCell.m */,
				792321D01F0A97D800B352E5 /* MyMapView.h */,
				792321D11F0A97D800B352E5 /* MyMapView.m */,
				79AD89F91F0BF7A600389306 /* MySateliteView.h */,
				79AD89FA1F0BF7A600389306 /* MySateliteView.m */,
				799785931F096D810017905E /* UIAlertController+MyAlertController.h */,
				799785941F096D810017905E /* UIAlertController+MyAlertController.m */,
			);
			name = View;
			sourceTree = "<group>";
		};
		79FF4A011EFEA2D1002D394D /* Resources */ = {
			isa = PBXGroup;
			children = (
				79B919671F0CE6FE00EFE823 /* assets.xcassets */,
				791E6F641DE1978200E6E431 /* Info.plist */,
			);
			name = Resources;
			sourceTree = "<group>";
		};
		79FF4A051EFEA38D002D394D /* Movement */ = {
			isa = PBXGroup;
			children = (
				79FF48F81EF9B5FA002D394D /* MovementIdentifier.h */,
				79FF48F91EF9B5FA002D394D /* MovementIdentifier.m */,
				79FF4A0A1EFEAF8B002D394D /* MovementConsts.h */,
				79FF4A0B1EFEAF8B002D394D /* MovementConsts.m */,
				79FF4A061EFEA3B9002D394D /* MovementManager.h */,
				79FF4A071EFEA3B9002D394D /* MovementManager.m */,
			);
			name = Movement;
			sourceTree = "<group>";
		};
		79FF4A091EFEAF73002D394D /* Utils */ = {
			isa = PBXGroup;
			children = (
				79FF48F51EF99088002D394D /* NetworkUtils.h */,
				79FF48F61EF99088002D394D /* NetworkUtils.m */,
				7977B9BE1EFEDEEB004BBDE5 /* Log.h */,
				7977B9BF1EFEDEEB004BBDE5 /* Log.m */,
				7961F7891F0D1C8400E307F4 /* RuntimeUtils.h */,
				7961F78A1F0D1C8400E307F4 /* RuntimeUtils.m */,
			);
			name = Utils;
			sourceTree = "<group>";
		};
		79FF4A0D1EFEC64B002D394D /* Protocols */ = {
			isa = PBXGroup;
			children = (
				791989BB1F0962A500C846EA /* parseJSONProtocol */,
				7919899E1F0672D400C846EA /* networkProtocols */,
				7919899D1F0672CA00C846EA /* uiProtocols */,
			);
			name = Protocols;
			sourceTree = "<group>";
		};
		79FF4A0F1EFEC6C9002D394D /* Extenstion */ = {
			isa = PBXGroup;
			children = (
				79FF4A101EFEC6F8002D394D /* UIView+ShakeProtocol.h */,
				79FF4A111EFEC6F8002D394D /* UIView+ShakeProtocol.m */,
				790595731F014D7D0008A993 /* UIView+Gestures.h */,
				790595741F014D7D0008A993 /* UIView+Gestures.m */,
				791989961F06665200C846EA /* UIView+InflateAnimation.h */,
				791989971F06665200C846EA /* UIView+InflateAnimation.m */,
				791989B21F06C4E600C846EA /* NSDictionary+Utils.h */,
				791989B31F06C4E600C846EA /* NSDictionary+Utils.m */,
				79CF1FC21F13D66700573202 /* NSArray+JSON.h */,
				79CF1FC31F13D66700573202 /* NSArray+JSON.m */,
			);
			name = Extenstion;
			sourceTree = "<group>";
		};
/* End PBXGroup section */

/* Begin PBXNativeTarget section */
		791E6F4F1DE1978200E6E431 /* TestingTechnionRobotCom */ = {
			isa = PBXNativeTarget;
			buildConfigurationList = 791E6F7D1DE1978200E6E431 /* Build configuration list for PBXNativeTarget "TestingTechnionRobotCom" */;
			buildPhases = (
				B401DD98B1564A9086DA6379 /* [CP] Check Pods Manifest.lock */,
				791E6F4C1DE1978200E6E431 /* Sources */,
				791E6F4D1DE1978200E6E431 /* Frameworks */,
				791E6F4E1DE1978200E6E431 /* Resources */,
				12666F04793AE1D16B7A6C58 /* [CP] Embed Pods Frameworks */,
				DC2D6094D6E0D281D9A4D45C /* [CP] Copy Pods Resources */,
			);
			buildRules = (
			);
			dependencies = (
			);
			name = TestingTechnionRobotCom;
			productName = TestingTechnionRobotCom;
			productReference = 791E6F501DE1978200E6E431 /* TestingTechnionRobotCom.app */;
			productType = "com.apple.product-type.application";
		};
		791E6F681DE1978200E6E431 /* TestingTechnionRobotComTests */ = {
			isa = PBXNativeTarget;
			buildConfigurationList = 791E6F801DE1978200E6E431 /* Build configuration list for PBXNativeTarget "TestingTechnionRobotComTests" */;
			buildPhases = (
				EF8D7E4716CA70055B168D02 /* [CP] Check Pods Manifest.lock */,
				791E6F651DE1978200E6E431 /* Sources */,
				791E6F661DE1978200E6E431 /* Frameworks */,
				791E6F671DE1978200E6E431 /* Resources */,
				99A983B020FCC3627B4ED89B /* [CP] Embed Pods Frameworks */,
				ADC6EECEE38E4BE6178BB9E7 /* [CP] Copy Pods Resources */,
			);
			buildRules = (
			);
			dependencies = (
				791E6F6B1DE1978200E6E431 /* PBXTargetDependency */,
			);
			name = TestingTechnionRobotComTests;
			productName = TestingTechnionRobotComTests;
			productReference = 791E6F691DE1978200E6E431 /* TestingTechnionRobotComTests.xctest */;
			productType = "com.apple.product-type.bundle.unit-test";
		};
		791E6F731DE1978200E6E431 /* TestingTechnionRobotComUITests */ = {
			isa = PBXNativeTarget;
			buildConfigurationList = 791E6F831DE1978200E6E431 /* Build configuration list for PBXNativeTarget "TestingTechnionRobotComUITests" */;
			buildPhases = (
				82A72828BB69A72AB3D21EAF /* [CP] Check Pods Manifest.lock */,
				791E6F701DE1978200E6E431 /* Sources */,
				791E6F711DE1978200E6E431 /* Frameworks */,
				791E6F721DE1978200E6E431 /* Resources */,
				B2BFE5CD9536AB0F5C300938 /* [CP] Embed Pods Frameworks */,
				035AB290AB36D9C6D15C1898 /* [CP] Copy Pods Resources */,
			);
			buildRules = (
			);
			dependencies = (
				791E6F761DE1978200E6E431 /* PBXTargetDependency */,
			);
			name = TestingTechnionRobotComUITests;
			productName = TestingTechnionRobotComUITests;
			productReference = 791E6F741DE1978200E6E431 /* TestingTechnionRobotComUITests.xctest */;
			productType = "com.apple.product-type.bundle.ui-testing";
		};
/* End PBXNativeTarget section */

/* Begin PBXProject section */
		791E6F481DE1978200E6E431 /* Project object */ = {
			isa = PBXProject;
			attributes = {
				LastUpgradeCheck = 0810;
				ORGANIZATIONNAME = Yaniv;
				TargetAttributes = {
					791E6F4F1DE1978200E6E431 = {
						CreatedOnToolsVersion = 8.1;
						DevelopmentTeam = SG9V4Q96YZ;
						LastSwiftMigration = 0820;
						ProvisioningStyle = Automatic;
					};
					791E6F681DE1978200E6E431 = {
						CreatedOnToolsVersion = 8.1;
						ProvisioningStyle = Automatic;
						TestTargetID = 791E6F4F1DE1978200E6E431;
					};
					791E6F731DE1978200E6E431 = {
						CreatedOnToolsVersion = 8.1;
						ProvisioningStyle = Automatic;
						TestTargetID = 791E6F4F1DE1978200E6E431;
					};
				};
			};
			buildConfigurationList = 791E6F4B1DE1978200E6E431 /* Build configuration list for PBXProject "TestingTechnionRobotCom" */;
			compatibilityVersion = "Xcode 3.2";
			developmentRegion = English;
			hasScannedForEncodings = 0;
			knownRegions = (
				en,
				Base,
			);
			mainGroup = 791E6F471DE1978200E6E431;
			productRefGroup = 791E6F511DE1978200E6E431 /* Products */;
			projectDirPath = "";
			projectRoot = "";
			targets = (
				791E6F4F1DE1978200E6E431 /* TestingTechnionRobotCom */,
				791E6F681DE1978200E6E431 /* TestingTechnionRobotComTests */,
				791E6F731DE1978200E6E431 /* TestingTechnionRobotComUITests */,
			);
		};
/* End PBXProject section */

/* Begin PBXResourcesBuildPhase section */
		791E6F4E1DE1978200E6E431 /* Resources */ = {
			isa = PBXResourcesBuildPhase;
			buildActionMask = 2147483647;
			files = (
				7974E3FC1E58A2720064F720 /* Main.storyboard in Resources */,
				792321D41F0A9A3500B352E5 /* Satelite.xib in Resources */,
				79B919681F0CE6FE00EFE823 /* assets.xcassets in Resources */,
			);
			runOnlyForDeploymentPostprocessing = 0;
		};
		791E6F671DE1978200E6E431 /* Resources */ = {
			isa = PBXResourcesBuildPhase;
			buildActionMask = 2147483647;
			files = (
			);
			runOnlyForDeploymentPostprocessing = 0;
		};
		791E6F721DE1978200E6E431 /* Resources */ = {
			isa = PBXResourcesBuildPhase;
			buildActionMask = 2147483647;
			files = (
			);
			runOnlyForDeploymentPostprocessing = 0;
		};
/* End PBXResourcesBuildPhase section */

/* Begin PBXShellScriptBuildPhase section */
		035AB290AB36D9C6D15C1898 /* [CP] Copy Pods Resources */ = {
			isa = PBXShellScriptBuildPhase;
			buildActionMask = 2147483647;
			files = (
			);
			inputPaths = (
			);
			name = "[CP] Copy Pods Resources";
			outputPaths = (
			);
			runOnlyForDeploymentPostprocessing = 0;
			shellPath = /bin/sh;
			shellScript = "\"${SRCROOT}/Pods/Target Support Files/Pods-TestingTechnionRobotComUITests/Pods-TestingTechnionRobotComUITests-resources.sh\"\n";
			showEnvVarsInLog = 0;
		};
		12666F04793AE1D16B7A6C58 /* [CP] Embed Pods Frameworks */ = {
			isa = PBXShellScriptBuildPhase;
			buildActionMask = 2147483647;
			files = (
			);
			inputPaths = (
			);
			name = "[CP] Embed Pods Frameworks";
			outputPaths = (
			);
			runOnlyForDeploymentPostprocessing = 0;
			shellPath = /bin/sh;
			shellScript = "\"${SRCROOT}/Pods/Target Support Files/Pods-TestingTechnionRobotCom/Pods-TestingTechnionRobotCom-frameworks.sh\"\n";
			showEnvVarsInLog = 0;
		};
		82A72828BB69A72AB3D21EAF /* [CP] Check Pods Manifest.lock */ = {
			isa = PBXShellScriptBuildPhase;
			buildActionMask = 2147483647;
			files = (
			);
			inputPaths = (
			);
			name = "[CP] Check Pods Manifest.lock";
			outputPaths = (
			);
			runOnlyForDeploymentPostprocessing = 0;
			shellPath = /bin/sh;
			shellScript = "diff \"${PODS_PODFILE_DIR_PATH}/Podfile.lock\" \"${PODS_ROOT}/Manifest.lock\" > /dev/null\nif [ $? != 0 ] ; then\n    # print error to STDERR\n    echo \"error: The sandbox is not in sync with the Podfile.lock. Run 'pod install' or update your CocoaPods installation.\" >&2\n    exit 1\nfi\n";
			showEnvVarsInLog = 0;
		};
		99A983B020FCC3627B4ED89B /* [CP] Embed Pods Frameworks */ = {
			isa = PBXShellScriptBuildPhase;
			buildActionMask = 2147483647;
			files = (
			);
			inputPaths = (
			);
			name = "[CP] Embed Pods Frameworks";
			outputPaths = (
			);
			runOnlyForDeploymentPostprocessing = 0;
			shellPath = /bin/sh;
			shellScript = "\"${SRCROOT}/Pods/Target Support Files/Pods-TestingTechnionRobotComTests/Pods-TestingTechnionRobotComTests-frameworks.sh\"\n";
			showEnvVarsInLog = 0;
		};
		ADC6EECEE38E4BE6178BB9E7 /* [CP] Copy Pods Resources */ = {
			isa = PBXShellScriptBuildPhase;
			buildActionMask = 2147483647;
			files = (
			);
			inputPaths = (
			);
			name = "[CP] Copy Pods Resources";
			outputPaths = (
			);
			runOnlyForDeploymentPostprocessing = 0;
			shellPath = /bin/sh;
			shellScript = "\"${SRCROOT}/Pods/Target Support Files/Pods-TestingTechnionRobotComTests/Pods-TestingTechnionRobotComTests-resources.sh\"\n";
			showEnvVarsInLog = 0;
		};
		B2BFE5CD9536AB0F5C300938 /* [CP] Embed Pods Frameworks */ = {
			isa = PBXShellScriptBuildPhase;
			buildActionMask = 2147483647;
			files = (
			);
			inputPaths = (
			);
			name = "[CP] Embed Pods Frameworks";
			outputPaths = (
			);
			runOnlyForDeploymentPostprocessing = 0;
			shellPath = /bin/sh;
			shellScript = "\"${SRCROOT}/Pods/Target Support Files/Pods-TestingTechnionRobotComUITests/Pods-TestingTechnionRobotComUITests-frameworks.sh\"\n";
			showEnvVarsInLog = 0;
		};
		B401DD98B1564A9086DA6379 /* [CP] Check Pods Manifest.lock */ = {
			isa = PBXShellScriptBuildPhase;
			buildActionMask = 2147483647;
			files = (
			);
			inputPaths = (
			);
			name = "[CP] Check Pods Manifest.lock";
			outputPaths = (
			);
			runOnlyForDeploymentPostprocessing = 0;
			shellPath = /bin/sh;
			shellScript = "diff \"${PODS_PODFILE_DIR_PATH}/Podfile.lock\" \"${PODS_ROOT}/Manifest.lock\" > /dev/null\nif [ $? != 0 ] ; then\n    # print error to STDERR\n    echo \"error: The sandbox is not in sync with the Podfile.lock. Run 'pod install' or update your CocoaPods installation.\" >&2\n    exit 1\nfi\n";
			showEnvVarsInLog = 0;
		};
		DC2D6094D6E0D281D9A4D45C /* [CP] Copy Pods Resources */ = {
			isa = PBXShellScriptBuildPhase;
			buildActionMask = 2147483647;
			files = (
			);
			inputPaths = (
			);
			name = "[CP] Copy Pods Resources";
			outputPaths = (
			);
			runOnlyForDeploymentPostprocessing = 0;
			shellPath = /bin/sh;
			shellScript = "\"${SRCROOT}/Pods/Target Support Files/Pods-TestingTechnionRobotCom/Pods-TestingTechnionRobotCom-resources.sh\"\n";
			showEnvVarsInLog = 0;
		};
		EF8D7E4716CA70055B168D02 /* [CP] Check Pods Manifest.lock */ = {
			isa = PBXShellScriptBuildPhase;
			buildActionMask = 2147483647;
			files = (
			);
			inputPaths = (
			);
			name = "[CP] Check Pods Manifest.lock";
			outputPaths = (
			);
			runOnlyForDeploymentPostprocessing = 0;
			shellPath = /bin/sh;
			shellScript = "diff \"${PODS_PODFILE_DIR_PATH}/Podfile.lock\" \"${PODS_ROOT}/Manifest.lock\" > /dev/null\nif [ $? != 0 ] ; then\n    # print error to STDERR\n    echo \"error: The sandbox is not in sync with the Podfile.lock. Run 'pod install' or update your CocoaPods installation.\" >&2\n    exit 1\nfi\n";
			showEnvVarsInLog = 0;
		};
/* End PBXShellScriptBuildPhase section */

/* Begin PBXSourcesBuildPhase section */
		791E6F4C1DE1978200E6E431 /* Sources */ = {
			isa = PBXSourcesBuildPhase;
			buildActionMask = 2147483647;
			files = (
				7961F78B1F0D1C8400E307F4 /* RuntimeUtils.m in Sources */,
				791989B41F06C4E600C846EA /* NSDictionary+Utils.m in Sources */,
				79AD89FB1F0BF7A600389306 /* MySateliteView.m in Sources */,
				7977B9C01EFEDEEB004BBDE5 /* Log.m in Sources */,
				791988EB1F02DE6300C846EA /* CustomCommandCell.m in Sources */,
				7919899B1F066DCB00C846EA /* SendPacketModel.m in Sources */,
				791988EE1F02DF2000C846EA /* CustomCommandVC.m in Sources */,
				792321D21F0A97D800B352E5 /* MyMapView.m in Sources */,
				791E6F5B1DE1978200E6E431 /* MainVC.m in Sources */,
				791989AD1F069B8400C846EA /* SateliteLocation.m in Sources */,
				79FF4A041EFEA33C002D394D /* PlayVC.m in Sources */,
				79FF4A081EFEA3B9002D394D /* MovementManager.m in Sources */,
				791E6F581DE1978200E6E431 /* AppDelegate.m in Sources */,
				79FF48F71EF99088002D394D /* NetworkUtils.m in Sources */,
				79FF4A0C1EFEAF8B002D394D /* MovementConsts.m in Sources */,
				79FF48FA1EF9B5FA002D394D /* MovementIdentifier.m in Sources */,
				791E6F551DE1978200E6E431 /* main.m in Sources */,
				791989981F06665200C846EA /* UIView+InflateAnimation.m in Sources */,
				799785951F096D810017905E /* UIAlertController+MyAlertController.m in Sources */,
				791989B11F06AD0A00C846EA /* MapModel.m in Sources */,
				791989A71F069A8D00C846EA /* SateliteCoordinate.m in Sources */,
				79CF1FC41F13D66700573202 /* NSArray+JSON.m in Sources */,
				79CF1FB71F13C77200573202 /* LogVC.m in Sources */,
				79BFB4511EEFF881005E612D /* UDPManager.m in Sources */,
				791989B71F06C9C900C846EA /* MapVC.m in Sources */,
				790595751F014D7E0008A993 /* UIView+Gestures.m in Sources */,
				791989BA1F09619900C846EA /* ReceivedPacketModel.m in Sources */,
				79CF1FBF1F13CBEF00573202 /* LogCell.m in Sources */,
				79FF4A121EFEC6F8002D394D /* UIView+ShakeProtocol.m in Sources */,
			);
			runOnlyForDeploymentPostprocessing = 0;
		};
		791E6F651DE1978200E6E431 /* Sources */ = {
			isa = PBXSourcesBuildPhase;
			buildActionMask = 2147483647;
			files = (
				791E6F6E1DE1978200E6E431 /* TestingTechnionRobotComTests.m in Sources */,
			);
			runOnlyForDeploymentPostprocessing = 0;
		};
		791E6F701DE1978200E6E431 /* Sources */ = {
			isa = PBXSourcesBuildPhase;
			buildActionMask = 2147483647;
			files = (
				791E6F791DE1978200E6E431 /* TestingTechnionRobotComUITests.m in Sources */,
			);
			runOnlyForDeploymentPostprocessing = 0;
		};
/* End PBXSourcesBuildPhase section */

/* Begin PBXTargetDependency section */
		791E6F6B1DE1978200E6E431 /* PBXTargetDependency */ = {
			isa = PBXTargetDependency;
			target = 791E6F4F1DE1978200E6E431 /* TestingTechnionRobotCom */;
			targetProxy = 791E6F6A1DE1978200E6E431 /* PBXContainerItemProxy */;
		};
		791E6F761DE1978200E6E431 /* PBXTargetDependency */ = {
			isa = PBXTargetDependency;
			target = 791E6F4F1DE1978200E6E431 /* TestingTechnionRobotCom */;
			targetProxy = 791E6F751DE1978200E6E431 /* PBXContainerItemProxy */;
		};
/* End PBXTargetDependency section */

/* Begin XCBuildConfiguration section */
		791E6F7B1DE1978200E6E431 /* Debug */ = {
			isa = XCBuildConfiguration;
			buildSettings = {
				ALWAYS_SEARCH_USER_PATHS = NO;
				CLANG_ANALYZER_NONNULL = YES;
				CLANG_CXX_LANGUAGE_STANDARD = "gnu++0x";
				CLANG_CXX_LIBRARY = "libc++";
				CLANG_ENABLE_MODULES = YES;
				CLANG_ENABLE_OBJC_ARC = YES;
				CLANG_WARN_BOOL_CONVERSION = YES;
				CLANG_WARN_CONSTANT_CONVERSION = YES;
				CLANG_WARN_DIRECT_OBJC_ISA_USAGE = YES_ERROR;
				CLANG_WARN_DOCUMENTATION_COMMENTS = YES;
				CLANG_WARN_EMPTY_BODY = YES;
				CLANG_WARN_ENUM_CONVERSION = YES;
				CLANG_WARN_INFINITE_RECURSION = YES;
				CLANG_WARN_INT_CONVERSION = YES;
				CLANG_WARN_OBJC_ROOT_CLASS = YES_ERROR;
				CLANG_WARN_SUSPICIOUS_MOVE = YES;
				CLANG_WARN_SUSPICIOUS_MOVES = YES;
				CLANG_WARN_UNREACHABLE_CODE = YES;
				CLANG_WARN__DUPLICATE_METHOD_MATCH = YES;
				"CODE_SIGN_IDENTITY[sdk=iphoneos*]" = "iPhone Developer";
				COPY_PHASE_STRIP = NO;
				DEBUG_INFORMATION_FORMAT = dwarf;
				ENABLE_STRICT_OBJC_MSGSEND = YES;
				ENABLE_TESTABILITY = YES;
				GCC_C_LANGUAGE_STANDARD = gnu99;
				GCC_DYNAMIC_NO_PIC = NO;
				GCC_NO_COMMON_BLOCKS = YES;
				GCC_OPTIMIZATION_LEVEL = 0;
				GCC_PREPROCESSOR_DEFINITIONS = (
					"DEBUG=1",
					"$(inherited)",
					"NETWORK_LOGS=${NETWORK_LOGS}",
				);
				GCC_WARN_64_TO_32_BIT_CONVERSION = YES;
				GCC_WARN_ABOUT_RETURN_TYPE = YES_ERROR;
				GCC_WARN_UNDECLARED_SELECTOR = YES;
				GCC_WARN_UNINITIALIZED_AUTOS = YES_AGGRESSIVE;
				GCC_WARN_UNUSED_FUNCTION = YES;
				GCC_WARN_UNUSED_VARIABLE = YES;
				IPHONEOS_DEPLOYMENT_TARGET = 10.1;
				MTL_ENABLE_DEBUG_INFO = YES;
				NETWORK_LOGS = YES;
				ONLY_ACTIVE_ARCH = YES;
				SDKROOT = iphoneos;
				TARGETED_DEVICE_FAMILY = "1,2";
			};
			name = Debug;
		};
		791E6F7C1DE1978200E6E431 /* Release */ = {
			isa = XCBuildConfiguration;
			buildSettings = {
				ALWAYS_SEARCH_USER_PATHS = NO;
				CLANG_ANALYZER_NONNULL = YES;
				CLANG_CXX_LANGUAGE_STANDARD = "gnu++0x";
				CLANG_CXX_LIBRARY = "libc++";
				CLANG_ENABLE_MODULES = YES;
				CLANG_ENABLE_OBJC_ARC = YES;
				CLANG_WARN_BOOL_CONVERSION = YES;
				CLANG_WARN_CONSTANT_CONVERSION = YES;
				CLANG_WARN_DIRECT_OBJC_ISA_USAGE = YES_ERROR;
				CLANG_WARN_DOCUMENTATION_COMMENTS = YES;
				CLANG_WARN_EMPTY_BODY = YES;
				CLANG_WARN_ENUM_CONVERSION = YES;
				CLANG_WARN_INFINITE_RECURSION = YES;
				CLANG_WARN_INT_CONVERSION = YES;
				CLANG_WARN_OBJC_ROOT_CLASS = YES_ERROR;
				CLANG_WARN_SUSPICIOUS_MOVE = YES;
				CLANG_WARN_SUSPICIOUS_MOVES = YES;
				CLANG_WARN_UNREACHABLE_CODE = YES;
				CLANG_WARN__DUPLICATE_METHOD_MATCH = YES;
				"CODE_SIGN_IDENTITY[sdk=iphoneos*]" = "iPhone Developer";
				COPY_PHASE_STRIP = NO;
				DEBUG_INFORMATION_FORMAT = "dwarf-with-dsym";
				ENABLE_NS_ASSERTIONS = NO;
				ENABLE_STRICT_OBJC_MSGSEND = YES;
				GCC_C_LANGUAGE_STANDARD = gnu99;
				GCC_NO_COMMON_BLOCKS = YES;
				GCC_WARN_64_TO_32_BIT_CONVERSION = YES;
				GCC_WARN_ABOUT_RETURN_TYPE = YES_ERROR;
				GCC_WARN_UNDECLARED_SELECTOR = YES;
				GCC_WARN_UNINITIALIZED_AUTOS = YES_AGGRESSIVE;
				GCC_WARN_UNUSED_FUNCTION = YES;
				GCC_WARN_UNUSED_VARIABLE = YES;
				IPHONEOS_DEPLOYMENT_TARGET = 10.1;
				MTL_ENABLE_DEBUG_INFO = NO;
				NETWORK_LOGS = NO;
				SDKROOT = iphoneos;
				TARGETED_DEVICE_FAMILY = "1,2";
				VALIDATE_PRODUCT = YES;
			};
			name = Release;
		};
		791E6F7E1DE1978200E6E431 /* Debug */ = {
			isa = XCBuildConfiguration;
			baseConfigurationReference = 39FEF7053956632E830BF108 /* Pods-TestingTechnionRobotCom.debug.xcconfig */;
			buildSettings = {
				ASSETCATALOG_COMPILER_APPICON_NAME = AppIcon;
				ASSETCATALOG_COMPILER_LAUNCHIMAGE_NAME = "LaunchImage-3";
				DEVELOPMENT_TEAM = SG9V4Q96YZ;
				INFOPLIST_FILE = TestingTechnionRobotCom/Info.plist;
				IPHONEOS_DEPLOYMENT_TARGET = 9.0;
				LD_RUNPATH_SEARCH_PATHS = "$(inherited) @executable_path/Frameworks";
				PRODUCT_BUNDLE_IDENTIFIER = Technion.TestingTechnionRobotCom;
				PRODUCT_NAME = "$(TARGET_NAME)";
				SWIFT_VERSION = 3.0;
				TARGETED_DEVICE_FAMILY = 1;
			};
			name = Debug;
		};
		791E6F7F1DE1978200E6E431 /* Release */ = {
			isa = XCBuildConfiguration;
			baseConfigurationReference = F502FC7607D21C59DF2B9429 /* Pods-TestingTechnionRobotCom.release.xcconfig */;
			buildSettings = {
				ASSETCATALOG_COMPILER_APPICON_NAME = AppIcon;
				ASSETCATALOG_COMPILER_LAUNCHIMAGE_NAME = "LaunchImage-3";
				DEVELOPMENT_TEAM = SG9V4Q96YZ;
				INFOPLIST_FILE = TestingTechnionRobotCom/Info.plist;
				IPHONEOS_DEPLOYMENT_TARGET = 9.0;
				LD_RUNPATH_SEARCH_PATHS = "$(inherited) @executable_path/Frameworks";
				PRODUCT_BUNDLE_IDENTIFIER = Technion.TestingTechnionRobotCom;
				PRODUCT_NAME = "$(TARGET_NAME)";
				SWIFT_VERSION = 3.0;
				TARGETED_DEVICE_FAMILY = 1;
			};
			name = Release;
		};
		791E6F811DE1978200E6E431 /* Debug */ = {
			isa = XCBuildConfiguration;
			baseConfigurationReference = 2A93D44AA592EADFD9D92F54 /* Pods-TestingTechnionRobotComTests.debug.xcconfig */;
			buildSettings = {
				BUNDLE_LOADER = "$(TEST_HOST)";
				INFOPLIST_FILE = TestingTechnionRobotComTests/Info.plist;
				LD_RUNPATH_SEARCH_PATHS = "$(inherited) @executable_path/Frameworks @loader_path/Frameworks";
				PRODUCT_BUNDLE_IDENTIFIER = TestPush.TestingTechnionRobotComTests;
				PRODUCT_NAME = "$(TARGET_NAME)";
				TEST_HOST = "$(BUILT_PRODUCTS_DIR)/TestingTechnionRobotCom.app/TestingTechnionRobotCom";
			};
			name = Debug;
		};
		791E6F821DE1978200E6E431 /* Release */ = {
			isa = XCBuildConfiguration;
			baseConfigurationReference = 17F80F623162DAB7A36FD2FF /* Pods-TestingTechnionRobotComTests.release.xcconfig */;
			buildSettings = {
				BUNDLE_LOADER = "$(TEST_HOST)";
				INFOPLIST_FILE = TestingTechnionRobotComTests/Info.plist;
				LD_RUNPATH_SEARCH_PATHS = "$(inherited) @executable_path/Frameworks @loader_path/Frameworks";
				PRODUCT_BUNDLE_IDENTIFIER = TestPush.TestingTechnionRobotComTests;
				PRODUCT_NAME = "$(TARGET_NAME)";
				TEST_HOST = "$(BUILT_PRODUCTS_DIR)/TestingTechnionRobotCom.app/TestingTechnionRobotCom";
			};
			name = Release;
		};
		791E6F841DE1978200E6E431 /* Debug */ = {
			isa = XCBuildConfiguration;
			baseConfigurationReference = 74F6FBC38CD9C322048BCAB7 /* Pods-TestingTechnionRobotComUITests.debug.xcconfig */;
			buildSettings = {
				INFOPLIST_FILE = TestingTechnionRobotComUITests/Info.plist;
				LD_RUNPATH_SEARCH_PATHS = "$(inherited) @executable_path/Frameworks @loader_path/Frameworks";
				PRODUCT_BUNDLE_IDENTIFIER = TestPush.TestingTechnionRobotComUITests;
				PRODUCT_NAME = "$(TARGET_NAME)";
				TEST_TARGET_NAME = TestingTechnionRobotCom;
			};
			name = Debug;
		};
		791E6F851DE1978200E6E431 /* Release */ = {
			isa = XCBuildConfiguration;
			baseConfigurationReference = 8740A9CCB5EFF8A79CF2ECB3 /* Pods-TestingTechnionRobotComUITests.release.xcconfig */;
			buildSettings = {
				INFOPLIST_FILE = TestingTechnionRobotComUITests/Info.plist;
				LD_RUNPATH_SEARCH_PATHS = "$(inherited) @executable_path/Frameworks @loader_path/Frameworks";
				PRODUCT_BUNDLE_IDENTIFIER = TestPush.TestingTechnionRobotComUITests;
				PRODUCT_NAME = "$(TARGET_NAME)";
				TEST_TARGET_NAME = TestingTechnionRobotCom;
			};
			name = Release;
		};
/* End XCBuildConfiguration section */

/* Begin XCConfigurationList section */
		791E6F4B1DE1978200E6E431 /* Build configuration list for PBXProject "TestingTechnionRobotCom" */ = {
			isa = XCConfigurationList;
			buildConfigurations = (
				791E6F7B1DE1978200E6E431 /* Debug */,
				791E6F7C1DE1978200E6E431 /* Release */,
			);
			defaultConfigurationIsVisible = 0;
			defaultConfigurationName = Release;
		};
		791E6F7D1DE1978200E6E431 /* Build configuration list for PBXNativeTarget "TestingTechnionRobotCom" */ = {
			isa = XCConfigurationList;
			buildConfigurations = (
				791E6F7E1DE1978200E6E431 /* Debug */,
				791E6F7F1DE1978200E6E431 /* Release */,
			);
			defaultConfigurationIsVisible = 0;
			defaultConfigurationName = Release;
		};
		791E6F801DE1978200E6E431 /* Build configuration list for PBXNativeTarget "TestingTechnionRobotComTests" */ = {
			isa = XCConfigurationList;
			buildConfigurations = (
				791E6F811DE1978200E6E431 /* Debug */,
				791E6F821DE1978200E6E431 /* Release */,
			);
			defaultConfigurationIsVisible = 0;
			defaultConfigurationName = Release;
		};
		791E6F831DE1978200E6E431 /* Build configuration list for PBXNativeTarget "TestingTechnionRobotComUITests" */ = {
			isa = XCConfigurationList;
			buildConfigurations = (
				791E6F841DE1978200E6E431 /* Debug */,
				791E6F851DE1978200E6E431 /* Release */,
			);
			defaultConfigurationIsVisible = 0;
			defaultConfigurationName = Release;
		};
/* End XCConfigurationList section */
	};
	rootObject = 791E6F481DE1978200E6E431 /* Project object */;
}
